PODS:
  - Flutter (1.0.0)
  - flutter_trtc_plugin (0.0.7):
    - Flutter
    - TXLiteAVSDK_Professional
  - fluttertoast (0.0.2):
    - Flutter
  - TXLiteAVSDK_Professional (7.2.8932)

DEPENDENCIES:
  - Flutter (from `Flutter`)
  - flutter_trtc_plugin (from `.symlinks/plugins/flutter_trtc_plugin/ios`)
  - fluttertoast (from `.symlinks/plugins/fluttertoast/ios`)

SPEC REPOS:
  https://github.com/CocoaPods/Specs.git:
    - TXLiteAVSDK_Professional

EXTERNAL SOURCES:
  Flutter:
    :path: Flutter
  flutter_trtc_plugin:
    :path: ".symlinks/plugins/flutter_trtc_plugin/ios"
  fluttertoast:
    :path: ".symlinks/plugins/fluttertoast/ios"

SPEC CHECKSUMS:
  Flutter: 0e3d915762c693b495b44d77113d4970485de6ec
  flutter_trtc_plugin: 54820c411d37c40c5956127b6786f0d2cb57c08b
  fluttertoast: b644586ef3b16f67fae9a1f8754cef6b2d6b634b
  TXLiteAVSDK_Professional: a93f4d5fbc38382906ce4b38560b08d5b3b9a192

PODFILE CHECKSUM: 7a7d2d15369dc603969f3d558d1da5d278290494

COCOAPODS: 1.8.4
